
Microsoft Visual Studio Solution File, Format Version 12.00
# Visual Studio 15
Project("{FAE04EC0-301F-11D3-BF4B-00C04F79EFBC}") = "UnityEngine.TestRunner", "UnityEngine.TestRunner.csproj", "{DAAA11C5-E452-E5A0-707A-B8FE3671281C}"
EndProject
Project("{FAE04EC0-301F-11D3-BF4B-00C04F79EFBC}") = "UnityEngine.UI", "UnityEngine.UI.csproj", "{58414659-00FD-A2D1-4AF1-47FA17A8D86C}"
EndProject
Project("{FAE04EC0-301F-11D3-BF4B-00C04F79EFBC}") = "Unity.VisualScripting.Flow", "Unity.VisualScripting.Flow.csproj", "{B91D9EE7-D357-80CB-54D7-6BC9C531A69F}"
EndProject
Project("{FAE04EC0-301F-11D3-BF4B-00C04F79EFBC}") = "Unity.Services.Core.Telemetry", "Unity.Services.Core.Telemetry.csproj", "{070155FE-C5F1-79D1-8933-B483905DA162}"
EndProject
Project("{FAE04EC0-301F-11D3-BF4B-00C04F79EFBC}") = "Unity.VisualScripting.State", "Unity.VisualScripting.State.csproj", "{F37C4E59-23CE-4774-1197-56F1F2CC9F5E}"
EndProject
Project("{FAE04EC0-301F-11D3-BF4B-00C04F79EFBC}") = "Unity.VisualScripting.Core", "Unity.VisualScripting.Core.csproj", "{9CF7772A-3C75-9918-6E41-9D2D822043CB}"
EndProject
Project("{FAE04EC0-301F-11D3-BF4B-00C04F79EFBC}") = "Unity.Services.Core.Environments.Internal", "Unity.Services.Core.Environments.Internal.csproj", "{94134DE8-C12E-B76D-C757-A13BB920E1E9}"
EndProject
Project("{FAE04EC0-301F-11D3-BF4B-00C04F79EFBC}") = "Unity.TextMeshPro", "Unity.TextMeshPro.csproj", "{0AF511E7-7106-ABF6-45DE-17CCA9520B62}"
EndProject
Project("{FAE04EC0-301F-11D3-BF4B-00C04F79EFBC}") = "Unity.Timeline", "Unity.Timeline.csproj", "{1437696E-9E3B-AB45-415F-142976D51D93}"
EndProject
Project("{FAE04EC0-301F-11D3-BF4B-00C04F79EFBC}") = "Unity.Services.Core", "Unity.Services.Core.csproj", "{56DB3A06-F918-8631-5D7E-3C3D72ED5D95}"
EndProject
Project("{FAE04EC0-301F-11D3-BF4B-00C04F79EFBC}") = "Unity.Services.Core.Environments", "Unity.Services.Core.Environments.csproj", "{A0C998AC-551E-35DF-F0C3-A51B691B45C4}"
EndProject
Project("{FAE04EC0-301F-11D3-BF4B-00C04F79EFBC}") = "Unity.Services.Core.Internal", "Unity.Services.Core.Internal.csproj", "{58BF6D99-00E5-0504-F588-5330AEE6351E}"
EndProject
Project("{FAE04EC0-301F-11D3-BF4B-00C04F79EFBC}") = "Unity.Services.Core.Analytics", "Unity.Services.Core.Analytics.csproj", "{AF9B9D17-6853-BAE7-D9AD-8B8EB4729F16}"
EndProject
Project("{FAE04EC0-301F-11D3-BF4B-00C04F79EFBC}") = "Unity.Services.Core.Scheduler", "Unity.Services.Core.Scheduler.csproj", "{D7C0C505-5BE5-DC4F-3129-B035FAB1B30F}"
EndProject
Project("{FAE04EC0-301F-11D3-BF4B-00C04F79EFBC}") = "Assembly-CSharp", "Assembly-CSharp.csproj", "{E5AE7CD9-E649-3026-FE63-DFBD41B0E64A}"
EndProject
Project("{FAE04EC0-301F-11D3-BF4B-00C04F79EFBC}") = "Unity.Services.Core.Registration", "Unity.Services.Core.Registration.csproj", "{4F9A97C2-0CEE-32A8-4A65-4EBE2D0C93C0}"
EndProject
Project("{FAE04EC0-301F-11D3-BF4B-00C04F79EFBC}") = "Unity.Services.Core.Device", "Unity.Services.Core.Device.csproj", "{4EAFD478-6077-A151-6881-09958D42C9AF}"
EndProject
Project("{FAE04EC0-301F-11D3-BF4B-00C04F79EFBC}") = "Unity.Services.Core.Threading", "Unity.Services.Core.Threading.csproj", "{B6704DFF-7591-60C7-78DD-2323253F5544}"
EndProject
Project("{FAE04EC0-301F-11D3-BF4B-00C04F79EFBC}") = "Unity.Services.Core.Networking", "Unity.Services.Core.Networking.csproj", "{3AB607AD-2532-64D0-E77F-47E251B41CFE}"
EndProject
Project("{FAE04EC0-301F-11D3-BF4B-00C04F79EFBC}") = "Unity.Services.Core.Configuration", "Unity.Services.Core.Configuration.csproj", "{EC9A74A3-2C24-1D0B-F85B-929A21CC597E}"
EndProject
Project("{FAE04EC0-301F-11D3-BF4B-00C04F79EFBC}") = "Unity.PlasticSCM.Editor", "Unity.PlasticSCM.Editor.csproj", "{301CE670-27DD-ED11-1648-30F44896B308}"
EndProject
Project("{FAE04EC0-301F-11D3-BF4B-00C04F79EFBC}") = "Unity.VisualScripting.Core.Editor", "Unity.VisualScripting.Core.Editor.csproj", "{4E6F6FF5-E761-5D31-D48B-FD94ECE414AC}"
EndProject
Project("{FAE04EC0-301F-11D3-BF4B-00C04F79EFBC}") = "Unity.VisualScripting.Flow.Editor", "Unity.VisualScripting.Flow.Editor.csproj", "{F34E2887-A775-6C45-F731-CA609899C708}"
EndProject
Project("{FAE04EC0-301F-11D3-BF4B-00C04F79EFBC}") = "Unity.VisualStudio.Editor", "Unity.VisualStudio.Editor.csproj", "{3B51EDEB-69BA-41BE-D243-72A36CFD086A}"
EndProject
Project("{FAE04EC0-301F-11D3-BF4B-00C04F79EFBC}") = "Unity.Timeline.Editor", "Unity.Timeline.Editor.csproj", "{0A340B76-5C67-C039-E812-4499BBDEA75B}"
EndProject
Project("{FAE04EC0-301F-11D3-BF4B-00C04F79EFBC}") = "Unity.VisualScripting.State.Editor", "Unity.VisualScripting.State.Editor.csproj", "{383CCBA0-2187-EDB5-FC2B-EAE4646C151A}"
EndProject
Project("{FAE04EC0-301F-11D3-BF4B-00C04F79EFBC}") = "Unity.TextMeshPro.Editor", "Unity.TextMeshPro.Editor.csproj", "{426DAB34-C19C-E0AA-C175-6A31916DE8C9}"
EndProject
Project("{FAE04EC0-301F-11D3-BF4B-00C04F79EFBC}") = "Unity.VisualScripting.SettingsProvider.Editor", "Unity.VisualScripting.SettingsProvider.Editor.csproj", "{4D14B11E-FF9F-4856-3759-D5CC0807977F}"
EndProject
Project("{FAE04EC0-301F-11D3-BF4B-00C04F79EFBC}") = "Unity.CollabProxy.Editor", "Unity.CollabProxy.Editor.csproj", "{F463C9CB-9406-0202-E532-3BB554726619}"
EndProject
Project("{FAE04EC0-301F-11D3-BF4B-00C04F79EFBC}") = "UnityEditor.TestRunner", "UnityEditor.TestRunner.csproj", "{E6B7BEB1-A2A2-8189-3E7E-67B4DBD8F120}"
EndProject
Project("{FAE04EC0-301F-11D3-BF4B-00C04F79EFBC}") = "Unity.Services.Core.Editor", "Unity.Services.Core.Editor.csproj", "{C413660B-B6DD-2025-CF8D-A7810DE5FDC1}"
EndProject
Project("{FAE04EC0-301F-11D3-BF4B-00C04F79EFBC}") = "Unity.TestTools.CodeCoverage.Editor", "Unity.TestTools.CodeCoverage.Editor.csproj", "{68FC4110-192D-92C2-50E3-12B3C610A745}"
EndProject
Project("{FAE04EC0-301F-11D3-BF4B-00C04F79EFBC}") = "Unity.Rider.Editor", "Unity.Rider.Editor.csproj", "{F45A8CB6-6440-913B-CCBD-F4D8902A7D5A}"
EndProject
Project("{FAE04EC0-301F-11D3-BF4B-00C04F79EFBC}") = "Unity.Performance.Profile-Analyzer.Editor", "Unity.Performance.Profile-Analyzer.Editor.csproj", "{16986F92-7753-D475-6A51-2041038B2D10}"
EndProject
Project("{FAE04EC0-301F-11D3-BF4B-00C04F79EFBC}") = "Unity.VSCode.Editor", "Unity.VSCode.Editor.csproj", "{49CAE55C-29E7-F89D-40DF-422F63CBD175}"
EndProject
Project("{FAE04EC0-301F-11D3-BF4B-00C04F79EFBC}") = "UnityEditor.UI", "UnityEditor.UI.csproj", "{10E39A2B-82BB-84AF-DF6B-CDC3F4D0F92F}"
EndProject
Project("{FAE04EC0-301F-11D3-BF4B-00C04F79EFBC}") = "Unity.TestTools.CodeCoverage.Editor.OpenCover.Model", "Unity.TestTools.CodeCoverage.Editor.OpenCover.Model.csproj", "{BDA0C088-913E-B2CE-55FF-2B2E3BA7D1B2}"
EndProject
Project("{FAE04EC0-301F-11D3-BF4B-00C04F79EFBC}") = "Unity.EditorCoroutines.Editor", "Unity.EditorCoroutines.Editor.csproj", "{530B5710-5CF0-2493-0EFA-6CC9170A35F9}"
EndProject
Project("{FAE04EC0-301F-11D3-BF4B-00C04F79EFBC}") = "Unity.Settings.Editor", "Unity.Settings.Editor.csproj", "{C30B2AD0-A04C-B5ED-5F6E-A72E7E52E8A9}"
EndProject
Project("{FAE04EC0-301F-11D3-BF4B-00C04F79EFBC}") = "Unity.Services.Core.Configuration.Editor", "Unity.Services.Core.Configuration.Editor.csproj", "{6E6605A4-3E53-C2EE-BA53-D05F2457A633}"
EndProject
Project("{FAE04EC0-301F-11D3-BF4B-00C04F79EFBC}") = "Unity.TestTools.CodeCoverage.Editor.OpenCover.Mono.Reflection", "Unity.TestTools.CodeCoverage.Editor.OpenCover.Mono.Reflection.csproj", "{BF82A1FD-378D-A68C-F07D-26526F52EC5D}"
EndProject
Project("{FAE04EC0-301F-11D3-BF4B-00C04F79EFBC}") = "Unity.VisualScripting.Shared.Editor", "Unity.VisualScripting.Shared.Editor.csproj", "{1FE0157A-FE89-EA4F-3A6F-1F8A68B1C0FA}"
EndProject
Project("{FAE04EC0-301F-11D3-BF4B-00C04F79EFBC}") = "Assembly-CSharp-Editor", "Assembly-CSharp-Editor.csproj", "{50008A67-C32E-2227-5905-1C21121A509D}"
EndProject
Project("{FAE04EC0-301F-11D3-BF4B-00C04F79EFBC}") = "UnityEngine.TestRunner", "UnityEngine.TestRunner.Player.csproj", "{37B6747F-A95E-03EF-2696-14D1E58E72BF}"
EndProject
Project("{FAE04EC0-301F-11D3-BF4B-00C04F79EFBC}") = "UnityEngine.UI", "UnityEngine.UI.Player.csproj", "{B02EADB7-C1D6-5395-34B3-958EB0162FDA}"
EndProject
Project("{FAE04EC0-301F-11D3-BF4B-00C04F79EFBC}") = "Unity.VisualScripting.Flow", "Unity.VisualScripting.Flow.Player.csproj", "{A39ED08E-654C-681E-A5FC-5223CB5C9359}"
EndProject
Project("{FAE04EC0-301F-11D3-BF4B-00C04F79EFBC}") = "Unity.Services.Core.Telemetry", "Unity.Services.Core.Telemetry.Player.csproj", "{4E835293-7320-D971-5DC3-33985E9E4903}"
EndProject
Project("{FAE04EC0-301F-11D3-BF4B-00C04F79EFBC}") = "Unity.VisualScripting.State", "Unity.VisualScripting.State.Player.csproj", "{6951F54E-7CD8-50ED-24EA-B23236B0B013}"
EndProject
Project("{FAE04EC0-301F-11D3-BF4B-00C04F79EFBC}") = "Unity.VisualScripting.Core", "Unity.VisualScripting.Core.Player.csproj", "{E7134E0A-792A-C13E-861E-866ECC142B7D}"
EndProject
Project("{FAE04EC0-301F-11D3-BF4B-00C04F79EFBC}") = "Unity.Services.Core.Environments.Internal", "Unity.Services.Core.Environments.Internal.Player.csproj", "{174BEC9E-EB1B-2303-F93E-7CAC79EC19D2}"
EndProject
Project("{FAE04EC0-301F-11D3-BF4B-00C04F79EFBC}") = "Unity.TextMeshPro", "Unity.TextMeshPro.Player.csproj", "{6496C004-550C-F713-F114-94321D5F2A47}"
EndProject
Project("{FAE04EC0-301F-11D3-BF4B-00C04F79EFBC}") = "Unity.Timeline", "Unity.Timeline.Player.csproj", "{5C1DA137-58CB-BB40-94B2-FFD209792027}"
EndProject
Project("{FAE04EC0-301F-11D3-BF4B-00C04F79EFBC}") = "Unity.Services.Core", "Unity.Services.Core.Player.csproj", "{9D41CE2F-195F-F026-DECB-9FDA71258DD5}"
EndProject
Project("{FAE04EC0-301F-11D3-BF4B-00C04F79EFBC}") = "Unity.Services.Core.Environments", "Unity.Services.Core.Environments.Player.csproj", "{0B51C983-FF3B-2485-5749-7C91AA8B3572}"
EndProject
Project("{FAE04EC0-301F-11D3-BF4B-00C04F79EFBC}") = "Unity.Services.Core.Internal", "Unity.Services.Core.Internal.Player.csproj", "{987F19DB-6473-36A5-32EF-E7F07FC75BD8}"
EndProject
Project("{FAE04EC0-301F-11D3-BF4B-00C04F79EFBC}") = "Unity.Services.Core.Analytics", "Unity.Services.Core.Analytics.Player.csproj", "{4F0B31D8-2290-A896-56D6-76A9EAB88575}"
EndProject
Project("{FAE04EC0-301F-11D3-BF4B-00C04F79EFBC}") = "Unity.Services.Core.Scheduler", "Unity.Services.Core.Scheduler.Player.csproj", "{74900ACA-2EE4-7FFF-E3CC-1273922A2E61}"
EndProject
Project("{FAE04EC0-301F-11D3-BF4B-00C04F79EFBC}") = "Assembly-CSharp", "Assembly-CSharp.Player.csproj", "{268F85CA-5235-558F-5D1B-3B4F11E93520}"
EndProject
Project("{FAE04EC0-301F-11D3-BF4B-00C04F79EFBC}") = "Unity.Services.Core.Registration", "Unity.Services.Core.Registration.Player.csproj", "{CE1CEC37-966C-2763-9C3F-213A10E3A39B}"
EndProject
Project("{FAE04EC0-301F-11D3-BF4B-00C04F79EFBC}") = "Unity.Services.Core.Device", "Unity.Services.Core.Device.Player.csproj", "{BFDBC8A3-2CF2-424A-EABF-B2C7FA3ED0D4}"
EndProject
Project("{FAE04EC0-301F-11D3-BF4B-00C04F79EFBC}") = "Unity.Services.Core.Threading", "Unity.Services.Core.Threading.Player.csproj", "{26DDBB58-57ED-103D-D778-6460FA955287}"
EndProject
Project("{FAE04EC0-301F-11D3-BF4B-00C04F79EFBC}") = "Unity.Services.Core.Networking", "Unity.Services.Core.Networking.Player.csproj", "{10822628-4323-D970-C083-36C53B5309B2}"
EndProject
Project("{FAE04EC0-301F-11D3-BF4B-00C04F79EFBC}") = "Unity.Services.Core.Configuration", "Unity.Services.Core.Configuration.Player.csproj", "{23199DA4-3C09-0B38-DB0B-6AED21D63F4C}"
EndProject
Global
	GlobalSection(SolutionConfigurationPlatforms) = preSolution
		Debug|Any CPU = Debug|Any CPU
		Release|Any CPU = Release|Any CPU
	EndGlobalSection
	GlobalSection(ProjectConfigurationPlatforms) = postSolution
		{DAAA11C5-E452-E5A0-707A-B8FE3671281C}.Debug|Any CPU.ActiveCfg = Debug|Any CPU
		{DAAA11C5-E452-E5A0-707A-B8FE3671281C}.Debug|Any CPU.Build.0 = Debug|Any CPU
		{DAAA11C5-E452-E5A0-707A-B8FE3671281C}.Release|Any CPU.ActiveCfg = Release|Any CPU
		{DAAA11C5-E452-E5A0-707A-B8FE3671281C}.Release|Any CPU.Build.0 = Release|Any CPU
		{58414659-00FD-A2D1-4AF1-47FA17A8D86C}.Debug|Any CPU.ActiveCfg = Debug|Any CPU
		{58414659-00FD-A2D1-4AF1-47FA17A8D86C}.Debug|Any CPU.Build.0 = Debug|Any CPU
		{58414659-00FD-A2D1-4AF1-47FA17A8D86C}.Release|Any CPU.ActiveCfg = Release|Any CPU
		{58414659-00FD-A2D1-4AF1-47FA17A8D86C}.Release|Any CPU.Build.0 = Release|Any CPU
		{B91D9EE7-D357-80CB-54D7-6BC9C531A69F}.Debug|Any CPU.ActiveCfg = Debug|Any CPU
		{B91D9EE7-D357-80CB-54D7-6BC9C531A69F}.Debug|Any CPU.Build.0 = Debug|Any CPU
		{B91D9EE7-D357-80CB-54D7-6BC9C531A69F}.Release|Any CPU.ActiveCfg = Release|Any CPU
		{B91D9EE7-D357-80CB-54D7-6BC9C531A69F}.Release|Any CPU.Build.0 = Release|Any CPU
		{070155FE-C5F1-79D1-8933-B483905DA162}.Debug|Any CPU.ActiveCfg = Debug|Any CPU
		{070155FE-C5F1-79D1-8933-B483905DA162}.Debug|Any CPU.Build.0 = Debug|Any CPU
		{070155FE-C5F1-79D1-8933-B483905DA162}.Release|Any CPU.ActiveCfg = Release|Any CPU
		{070155FE-C5F1-79D1-8933-B483905DA162}.Release|Any CPU.Build.0 = Release|Any CPU
		{F37C4E59-23CE-4774-1197-56F1F2CC9F5E}.Debug|Any CPU.ActiveCfg = Debug|Any CPU
		{F37C4E59-23CE-4774-1197-56F1F2CC9F5E}.Debug|Any CPU.Build.0 = Debug|Any CPU
		{F37C4E59-23CE-4774-1197-56F1F2CC9F5E}.Release|Any CPU.ActiveCfg = Release|Any CPU
		{F37C4E59-23CE-4774-1197-56F1F2CC9F5E}.Release|Any CPU.Build.0 = Release|Any CPU
		{9CF7772A-3C75-9918-6E41-9D2D822043CB}.Debug|Any CPU.ActiveCfg = Debug|Any CPU
		{9CF7772A-3C75-9918-6E41-9D2D822043CB}.Debug|Any CPU.Build.0 = Debug|Any CPU
		{9CF7772A-3C75-9918-6E41-9D2D822043CB}.Release|Any CPU.ActiveCfg = Release|Any CPU
		{9CF7772A-3C75-9918-6E41-9D2D822043CB}.Release|Any CPU.Build.0 = Release|Any CPU
		{94134DE8-C12E-B76D-C757-A13BB920E1E9}.Debug|Any CPU.ActiveCfg = Debug|Any CPU
		{94134DE8-C12E-B76D-C757-A13BB920E1E9}.Debug|Any CPU.Build.0 = Debug|Any CPU
		{94134DE8-C12E-B76D-C757-A13BB920E1E9}.Release|Any CPU.ActiveCfg = Release|Any CPU
		{94134DE8-C12E-B76D-C757-A13BB920E1E9}.Release|Any CPU.Build.0 = Release|Any CPU
		{0AF511E7-7106-ABF6-45DE-17CCA9520B62}.Debug|Any CPU.ActiveCfg = Debug|Any CPU
		{0AF511E7-7106-ABF6-45DE-17CCA9520B62}.Debug|Any CPU.Build.0 = Debug|Any CPU
		{0AF511E7-7106-ABF6-45DE-17CCA9520B62}.Release|Any CPU.ActiveCfg = Release|Any CPU
		{0AF511E7-7106-ABF6-45DE-17CCA9520B62}.Release|Any CPU.Build.0 = Release|Any CPU
		{1437696E-9E3B-AB45-415F-142976D51D93}.Debug|Any CPU.ActiveCfg = Debug|Any CPU
		{1437696E-9E3B-AB45-415F-142976D51D93}.Debug|Any CPU.Build.0 = Debug|Any CPU
		{1437696E-9E3B-AB45-415F-142976D51D93}.Release|Any CPU.ActiveCfg = Release|Any CPU
		{1437696E-9E3B-AB45-415F-142976D51D93}.Release|Any CPU.Build.0 = Release|Any CPU
		{56DB3A06-F918-8631-5D7E-3C3D72ED5D95}.Debug|Any CPU.ActiveCfg = Debug|Any CPU
		{56DB3A06-F918-8631-5D7E-3C3D72ED5D95}.Debug|Any CPU.Build.0 = Debug|Any CPU
		{56DB3A06-F918-8631-5D7E-3C3D72ED5D95}.Release|Any CPU.ActiveCfg = Release|Any CPU
		{56DB3A06-F918-8631-5D7E-3C3D72ED5D95}.Release|Any CPU.Build.0 = Release|Any CPU
		{A0C998AC-551E-35DF-F0C3-A51B691B45C4}.Debug|Any CPU.ActiveCfg = Debug|Any CPU
		{A0C998AC-551E-35DF-F0C3-A51B691B45C4}.Debug|Any CPU.Build.0 = Debug|Any CPU
		{A0C998AC-551E-35DF-F0C3-A51B691B45C4}.Release|Any CPU.ActiveCfg = Release|Any CPU
		{A0C998AC-551E-35DF-F0C3-A51B691B45C4}.Release|Any CPU.Build.0 = Release|Any CPU
		{58BF6D99-00E5-0504-F588-5330AEE6351E}.Debug|Any CPU.ActiveCfg = Debug|Any CPU
		{58BF6D99-00E5-0504-F588-5330AEE6351E}.Debug|Any CPU.Build.0 = Debug|Any CPU
		{58BF6D99-00E5-0504-F588-5330AEE6351E}.Release|Any CPU.ActiveCfg = Release|Any CPU
		{58BF6D99-00E5-0504-F588-5330AEE6351E}.Release|Any CPU.Build.0 = Release|Any CPU
		{AF9B9D17-6853-BAE7-D9AD-8B8EB4729F16}.Debug|Any CPU.ActiveCfg = Debug|Any CPU
		{AF9B9D17-6853-BAE7-D9AD-8B8EB4729F16}.Debug|Any CPU.Build.0 = Debug|Any CPU
		{AF9B9D17-6853-BAE7-D9AD-8B8EB4729F16}.Release|Any CPU.ActiveCfg = Release|Any CPU
		{AF9B9D17-6853-BAE7-D9AD-8B8EB4729F16}.Release|Any CPU.Build.0 = Release|Any CPU
		{D7C0C505-5BE5-DC4F-3129-B035FAB1B30F}.Debug|Any CPU.ActiveCfg = Debug|Any CPU
		{D7C0C505-5BE5-DC4F-3129-B035FAB1B30F}.Debug|Any CPU.Build.0 = Debug|Any CPU
		{D7C0C505-5BE5-DC4F-3129-B035FAB1B30F}.Release|Any CPU.ActiveCfg = Release|Any CPU
		{D7C0C505-5BE5-DC4F-3129-B035FAB1B30F}.Release|Any CPU.Build.0 = Release|Any CPU
		{E5AE7CD9-E649-3026-FE63-DFBD41B0E64A}.Debug|Any CPU.ActiveCfg = Debug|Any CPU
		{E5AE7CD9-E649-3026-FE63-DFBD41B0E64A}.Debug|Any CPU.Build.0 = Debug|Any CPU
		{E5AE7CD9-E649-3026-FE63-DFBD41B0E64A}.Release|Any CPU.ActiveCfg = Release|Any CPU
		{E5AE7CD9-E649-3026-FE63-DFBD41B0E64A}.Release|Any CPU.Build.0 = Release|Any CPU
		{4F9A97C2-0CEE-32A8-4A65-4EBE2D0C93C0}.Debug|Any CPU.ActiveCfg = Debug|Any CPU
		{4F9A97C2-0CEE-32A8-4A65-4EBE2D0C93C0}.Debug|Any CPU.Build.0 = Debug|Any CPU
		{4F9A97C2-0CEE-32A8-4A65-4EBE2D0C93C0}.Release|Any CPU.ActiveCfg = Release|Any CPU
		{4F9A97C2-0CEE-32A8-4A65-4EBE2D0C93C0}.Release|Any CPU.Build.0 = Release|Any CPU
		{4EAFD478-6077-A151-6881-09958D42C9AF}.Debug|Any CPU.ActiveCfg = Debug|Any CPU
		{4EAFD478-6077-A151-6881-09958D42C9AF}.Debug|Any CPU.Build.0 = Debug|Any CPU
		{4EAFD478-6077-A151-6881-09958D42C9AF}.Release|Any CPU.ActiveCfg = Release|Any CPU
		{4EAFD478-6077-A151-6881-09958D42C9AF}.Release|Any CPU.Build.0 = Release|Any CPU
		{B6704DFF-7591-60C7-78DD-2323253F5544}.Debug|Any CPU.ActiveCfg = Debug|Any CPU
		{B6704DFF-7591-60C7-78DD-2323253F5544}.Debug|Any CPU.Build.0 = Debug|Any CPU
		{B6704DFF-7591-60C7-78DD-2323253F5544}.Release|Any CPU.ActiveCfg = Release|Any CPU
		{B6704DFF-7591-60C7-78DD-2323253F5544}.Release|Any CPU.Build.0 = Release|Any CPU
		{3AB607AD-2532-64D0-E77F-47E251B41CFE}.Debug|Any CPU.ActiveCfg = Debug|Any CPU
		{3AB607AD-2532-64D0-E77F-47E251B41CFE}.Debug|Any CPU.Build.0 = Debug|Any CPU
		{3AB607AD-2532-64D0-E77F-47E251B41CFE}.Release|Any CPU.ActiveCfg = Release|Any CPU
		{3AB607AD-2532-64D0-E77F-47E251B41CFE}.Release|Any CPU.Build.0 = Release|Any CPU
		{EC9A74A3-2C24-1D0B-F85B-929A21CC597E}.Debug|Any CPU.ActiveCfg = Debug|Any CPU
		{EC9A74A3-2C24-1D0B-F85B-929A21CC597E}.Debug|Any CPU.Build.0 = Debug|Any CPU
		{EC9A74A3-2C24-1D0B-F85B-929A21CC597E}.Release|Any CPU.ActiveCfg = Release|Any CPU
		{EC9A74A3-2C24-1D0B-F85B-929A21CC597E}.Release|Any CPU.Build.0 = Release|Any CPU
		{301CE670-27DD-ED11-1648-30F44896B308}.Debug|Any CPU.ActiveCfg = Debug|Any CPU
		{301CE670-27DD-ED11-1648-30F44896B308}.Debug|Any CPU.Build.0 = Debug|Any CPU
		{301CE670-27DD-ED11-1648-30F44896B308}.Release|Any CPU.ActiveCfg = Release|Any CPU
		{301CE670-27DD-ED11-1648-30F44896B308}.Release|Any CPU.Build.0 = Release|Any CPU
		{4E6F6FF5-E761-5D31-D48B-FD94ECE414AC}.Debug|Any CPU.ActiveCfg = Debug|Any CPU
		{4E6F6FF5-E761-5D31-D48B-FD94ECE414AC}.Debug|Any CPU.Build.0 = Debug|Any CPU
		{4E6F6FF5-E761-5D31-D48B-FD94ECE414AC}.Release|Any CPU.ActiveCfg = Release|Any CPU
		{4E6F6FF5-E761-5D31-D48B-FD94ECE414AC}.Release|Any CPU.Build.0 = Release|Any CPU
		{F34E2887-A775-6C45-F731-CA609899C708}.Debug|Any CPU.ActiveCfg = Debug|Any CPU
		{F34E2887-A775-6C45-F731-CA609899C708}.Debug|Any CPU.Build.0 = Debug|Any CPU
		{F34E2887-A775-6C45-F731-CA609899C708}.Release|Any CPU.ActiveCfg = Release|Any CPU
		{F34E2887-A775-6C45-F731-CA609899C708}.Release|Any CPU.Build.0 = Release|Any CPU
		{3B51EDEB-69BA-41BE-D243-72A36CFD086A}.Debug|Any CPU.ActiveCfg = Debug|Any CPU
		{3B51EDEB-69BA-41BE-D243-72A36CFD086A}.Debug|Any CPU.Build.0 = Debug|Any CPU
		{3B51EDEB-69BA-41BE-D243-72A36CFD086A}.Release|Any CPU.ActiveCfg = Release|Any CPU
		{3B51EDEB-69BA-41BE-D243-72A36CFD086A}.Release|Any CPU.Build.0 = Release|Any CPU
		{0A340B76-5C67-C039-E812-4499BBDEA75B}.Debug|Any CPU.ActiveCfg = Debug|Any CPU
		{0A340B76-5C67-C039-E812-4499BBDEA75B}.Debug|Any CPU.Build.0 = Debug|Any CPU
		{0A340B76-5C67-C039-E812-4499BBDEA75B}.Release|Any CPU.ActiveCfg = Release|Any CPU
		{0A340B76-5C67-C039-E812-4499BBDEA75B}.Release|Any CPU.Build.0 = Release|Any CPU
		{383CCBA0-2187-EDB5-FC2B-EAE4646C151A}.Debug|Any CPU.ActiveCfg = Debug|Any CPU
		{383CCBA0-2187-EDB5-FC2B-EAE4646C151A}.Debug|Any CPU.Build.0 = Debug|Any CPU
		{383CCBA0-2187-EDB5-FC2B-EAE4646C151A}.Release|Any CPU.ActiveCfg = Release|Any CPU
		{383CCBA0-2187-EDB5-FC2B-EAE4646C151A}.Release|Any CPU.Build.0 = Release|Any CPU
		{426DAB34-C19C-E0AA-C175-6A31916DE8C9}.Debug|Any CPU.ActiveCfg = Debug|Any CPU
		{426DAB34-C19C-E0AA-C175-6A31916DE8C9}.Debug|Any CPU.Build.0 = Debug|Any CPU
		{426DAB34-C19C-E0AA-C175-6A31916DE8C9}.Release|Any CPU.ActiveCfg = Release|Any CPU
		{426DAB34-C19C-E0AA-C175-6A31916DE8C9}.Release|Any CPU.Build.0 = Release|Any CPU
		{4D14B11E-FF9F-4856-3759-D5CC0807977F}.Debug|Any CPU.ActiveCfg = Debug|Any CPU
		{4D14B11E-FF9F-4856-3759-D5CC0807977F}.Debug|Any CPU.Build.0 = Debug|Any CPU
		{4D14B11E-FF9F-4856-3759-D5CC0807977F}.Release|Any CPU.ActiveCfg = Release|Any CPU
		{4D14B11E-FF9F-4856-3759-D5CC0807977F}.Release|Any CPU.Build.0 = Release|Any CPU
		{F463C9CB-9406-0202-E532-3BB554726619}.Debug|Any CPU.ActiveCfg = Debug|Any CPU
		{F463C9CB-9406-0202-E532-3BB554726619}.Debug|Any CPU.Build.0 = Debug|Any CPU
		{F463C9CB-9406-0202-E532-3BB554726619}.Release|Any CPU.ActiveCfg = Release|Any CPU
		{F463C9CB-9406-0202-E532-3BB554726619}.Release|Any CPU.Build.0 = Release|Any CPU
		{E6B7BEB1-A2A2-8189-3E7E-67B4DBD8F120}.Debug|Any CPU.ActiveCfg = Debug|Any CPU
		{E6B7BEB1-A2A2-8189-3E7E-67B4DBD8F120}.Debug|Any CPU.Build.0 = Debug|Any CPU
		{E6B7BEB1-A2A2-8189-3E7E-67B4DBD8F120}.Release|Any CPU.ActiveCfg = Release|Any CPU
		{E6B7BEB1-A2A2-8189-3E7E-67B4DBD8F120}.Release|Any CPU.Build.0 = Release|Any CPU
		{C413660B-B6DD-2025-CF8D-A7810DE5FDC1}.Debug|Any CPU.ActiveCfg = Debug|Any CPU
		{C413660B-B6DD-2025-CF8D-A7810DE5FDC1}.Debug|Any CPU.Build.0 = Debug|Any CPU
		{C413660B-B6DD-2025-CF8D-A7810DE5FDC1}.Release|Any CPU.ActiveCfg = Release|Any CPU
		{C413660B-B6DD-2025-CF8D-A7810DE5FDC1}.Release|Any CPU.Build.0 = Release|Any CPU
		{68FC4110-192D-92C2-50E3-12B3C610A745}.Debug|Any CPU.ActiveCfg = Debug|Any CPU
		{68FC4110-192D-92C2-50E3-12B3C610A745}.Debug|Any CPU.Build.0 = Debug|Any CPU
		{68FC4110-192D-92C2-50E3-12B3C610A745}.Release|Any CPU.ActiveCfg = Release|Any CPU
		{68FC4110-192D-92C2-50E3-12B3C610A745}.Release|Any CPU.Build.0 = Release|Any CPU
		{F45A8CB6-6440-913B-CCBD-F4D8902A7D5A}.Debug|Any CPU.ActiveCfg = Debug|Any CPU
		{F45A8CB6-6440-913B-CCBD-F4D8902A7D5A}.Debug|Any CPU.Build.0 = Debug|Any CPU
		{F45A8CB6-6440-913B-CCBD-F4D8902A7D5A}.Release|Any CPU.ActiveCfg = Release|Any CPU
		{F45A8CB6-6440-913B-CCBD-F4D8902A7D5A}.Release|Any CPU.Build.0 = Release|Any CPU
		{16986F92-7753-D475-6A51-2041038B2D10}.Debug|Any CPU.ActiveCfg = Debug|Any CPU
		{16986F92-7753-D475-6A51-2041038B2D10}.Debug|Any CPU.Build.0 = Debug|Any CPU
		{16986F92-7753-D475-6A51-2041038B2D10}.Release|Any CPU.ActiveCfg = Release|Any CPU
		{16986F92-7753-D475-6A51-2041038B2D10}.Release|Any CPU.Build.0 = Release|Any CPU
		{49CAE55C-29E7-F89D-40DF-422F63CBD175}.Debug|Any CPU.ActiveCfg = Debug|Any CPU
		{49CAE55C-29E7-F89D-40DF-422F63CBD175}.Debug|Any CPU.Build.0 = Debug|Any CPU
		{49CAE55C-29E7-F89D-40DF-422F63CBD175}.Release|Any CPU.ActiveCfg = Release|Any CPU
		{49CAE55C-29E7-F89D-40DF-422F63CBD175}.Release|Any CPU.Build.0 = Release|Any CPU
		{10E39A2B-82BB-84AF-DF6B-CDC3F4D0F92F}.Debug|Any CPU.ActiveCfg = Debug|Any CPU
		{10E39A2B-82BB-84AF-DF6B-CDC3F4D0F92F}.Debug|Any CPU.Build.0 = Debug|Any CPU
		{10E39A2B-82BB-84AF-DF6B-CDC3F4D0F92F}.Release|Any CPU.ActiveCfg = Release|Any CPU
		{10E39A2B-82BB-84AF-DF6B-CDC3F4D0F92F}.Release|Any CPU.Build.0 = Release|Any CPU
		{BDA0C088-913E-B2CE-55FF-2B2E3BA7D1B2}.Debug|Any CPU.ActiveCfg = Debug|Any CPU
		{BDA0C088-913E-B2CE-55FF-2B2E3BA7D1B2}.Debug|Any CPU.Build.0 = Debug|Any CPU
		{BDA0C088-913E-B2CE-55FF-2B2E3BA7D1B2}.Release|Any CPU.ActiveCfg = Release|Any CPU
		{BDA0C088-913E-B2CE-55FF-2B2E3BA7D1B2}.Release|Any CPU.Build.0 = Release|Any CPU
		{530B5710-5CF0-2493-0EFA-6CC9170A35F9}.Debug|Any CPU.ActiveCfg = Debug|Any CPU
		{530B5710-5CF0-2493-0EFA-6CC9170A35F9}.Debug|Any CPU.Build.0 = Debug|Any CPU
		{530B5710-5CF0-2493-0EFA-6CC9170A35F9}.Release|Any CPU.ActiveCfg = Release|Any CPU
		{530B5710-5CF0-2493-0EFA-6CC9170A35F9}.Release|Any CPU.Build.0 = Release|Any CPU
		{C30B2AD0-A04C-B5ED-5F6E-A72E7E52E8A9}.Debug|Any CPU.ActiveCfg = Debug|Any CPU
		{C30B2AD0-A04C-B5ED-5F6E-A72E7E52E8A9}.Debug|Any CPU.Build.0 = Debug|Any CPU
		{C30B2AD0-A04C-B5ED-5F6E-A72E7E52E8A9}.Release|Any CPU.ActiveCfg = Release|Any CPU
		{C30B2AD0-A04C-B5ED-5F6E-A72E7E52E8A9}.Release|Any CPU.Build.0 = Release|Any CPU
		{6E6605A4-3E53-C2EE-BA53-D05F2457A633}.Debug|Any CPU.ActiveCfg = Debug|Any CPU
		{6E6605A4-3E53-C2EE-BA53-D05F2457A633}.Debug|Any CPU.Build.0 = Debug|Any CPU
		{6E6605A4-3E53-C2EE-BA53-D05F2457A633}.Release|Any CPU.ActiveCfg = Release|Any CPU
		{6E6605A4-3E53-C2EE-BA53-D05F2457A633}.Release|Any CPU.Build.0 = Release|Any CPU
		{BF82A1FD-378D-A68C-F07D-26526F52EC5D}.Debug|Any CPU.ActiveCfg = Debug|Any CPU
		{BF82A1FD-378D-A68C-F07D-26526F52EC5D}.Debug|Any CPU.Build.0 = Debug|Any CPU
		{BF82A1FD-378D-A68C-F07D-26526F52EC5D}.Release|Any CPU.ActiveCfg = Release|Any CPU
		{BF82A1FD-378D-A68C-F07D-26526F52EC5D}.Release|Any CPU.Build.0 = Release|Any CPU
		{1FE0157A-FE89-EA4F-3A6F-1F8A68B1C0FA}.Debug|Any CPU.ActiveCfg = Debug|Any CPU
		{1FE0157A-FE89-EA4F-3A6F-1F8A68B1C0FA}.Debug|Any CPU.Build.0 = Debug|Any CPU
		{1FE0157A-FE89-EA4F-3A6F-1F8A68B1C0FA}.Release|Any CPU.ActiveCfg = Release|Any CPU
		{1FE0157A-FE89-EA4F-3A6F-1F8A68B1C0FA}.Release|Any CPU.Build.0 = Release|Any CPU
		{50008A67-C32E-2227-5905-1C21121A509D}.Debug|Any CPU.ActiveCfg = Debug|Any CPU
		{50008A67-C32E-2227-5905-1C21121A509D}.Debug|Any CPU.Build.0 = Debug|Any CPU
		{50008A67-C32E-2227-5905-1C21121A509D}.Release|Any CPU.ActiveCfg = Release|Any CPU
		{50008A67-C32E-2227-5905-1C21121A509D}.Release|Any CPU.Build.0 = Release|Any CPU
		{37B6747F-A95E-03EF-2696-14D1E58E72BF}.Debug|Any CPU.ActiveCfg = Debug|Any CPU
		{37B6747F-A95E-03EF-2696-14D1E58E72BF}.Debug|Any CPU.Build.0 = Debug|Any CPU
		{37B6747F-A95E-03EF-2696-14D1E58E72BF}.Release|Any CPU.ActiveCfg = Release|Any CPU
		{37B6747F-A95E-03EF-2696-14D1E58E72BF}.Release|Any CPU.Build.0 = Release|Any CPU
		{B02EADB7-C1D6-5395-34B3-958EB0162FDA}.Debug|Any CPU.ActiveCfg = Debug|Any CPU
		{B02EADB7-C1D6-5395-34B3-958EB0162FDA}.Debug|Any CPU.Build.0 = Debug|Any CPU
		{B02EADB7-C1D6-5395-34B3-958EB0162FDA}.Release|Any CPU.ActiveCfg = Release|Any CPU
		{B02EADB7-C1D6-5395-34B3-958EB0162FDA}.Release|Any CPU.Build.0 = Release|Any CPU
		{A39ED08E-654C-681E-A5FC-5223CB5C9359}.Debug|Any CPU.ActiveCfg = Debug|Any CPU
		{A39ED08E-654C-681E-A5FC-5223CB5C9359}.Debug|Any CPU.Build.0 = Debug|Any CPU
		{A39ED08E-654C-681E-A5FC-5223CB5C9359}.Release|Any CPU.ActiveCfg = Release|Any CPU
		{A39ED08E-654C-681E-A5FC-5223CB5C9359}.Release|Any CPU.Build.0 = Release|Any CPU
		{4E835293-7320-D971-5DC3-33985E9E4903}.Debug|Any CPU.ActiveCfg = Debug|Any CPU
		{4E835293-7320-D971-5DC3-33985E9E4903}.Debug|Any CPU.Build.0 = Debug|Any CPU
		{4E835293-7320-D971-5DC3-33985E9E4903}.Release|Any CPU.ActiveCfg = Release|Any CPU
		{4E835293-7320-D971-5DC3-33985E9E4903}.Release|Any CPU.Build.0 = Release|Any CPU
		{6951F54E-7CD8-50ED-24EA-B23236B0B013}.Debug|Any CPU.ActiveCfg = Debug|Any CPU
		{6951F54E-7CD8-50ED-24EA-B23236B0B013}.Debug|Any CPU.Build.0 = Debug|Any CPU
		{6951F54E-7CD8-50ED-24EA-B23236B0B013}.Release|Any CPU.ActiveCfg = Release|Any CPU
		{6951F54E-7CD8-50ED-24EA-B23236B0B013}.Release|Any CPU.Build.0 = Release|Any CPU
		{E7134E0A-792A-C13E-861E-866ECC142B7D}.Debug|Any CPU.ActiveCfg = Debug|Any CPU
		{E7134E0A-792A-C13E-861E-866ECC142B7D}.Debug|Any CPU.Build.0 = Debug|Any CPU
		{E7134E0A-792A-C13E-861E-866ECC142B7D}.Release|Any CPU.ActiveCfg = Release|Any CPU
		{E7134E0A-792A-C13E-861E-866ECC142B7D}.Release|Any CPU.Build.0 = Release|Any CPU
		{174BEC9E-EB1B-2303-F93E-7CAC79EC19D2}.Debug|Any CPU.ActiveCfg = Debug|Any CPU
		{174BEC9E-EB1B-2303-F93E-7CAC79EC19D2}.Debug|Any CPU.Build.0 = Debug|Any CPU
		{174BEC9E-EB1B-2303-F93E-7CAC79EC19D2}.Release|Any CPU.ActiveCfg = Release|Any CPU
		{174BEC9E-EB1B-2303-F93E-7CAC79EC19D2}.Release|Any CPU.Build.0 = Release|Any CPU
		{6496C004-550C-F713-F114-94321D5F2A47}.Debug|Any CPU.ActiveCfg = Debug|Any CPU
		{6496C004-550C-F713-F114-94321D5F2A47}.Debug|Any CPU.Build.0 = Debug|Any CPU
		{6496C004-550C-F713-F114-94321D5F2A47}.Release|Any CPU.ActiveCfg = Release|Any CPU
		{6496C004-550C-F713-F114-94321D5F2A47}.Release|Any CPU.Build.0 = Release|Any CPU
		{5C1DA137-58CB-BB40-94B2-FFD209792027}.Debug|Any CPU.ActiveCfg = Debug|Any CPU
		{5C1DA137-58CB-BB40-94B2-FFD209792027}.Debug|Any CPU.Build.0 = Debug|Any CPU
		{5C1DA137-58CB-BB40-94B2-FFD209792027}.Release|Any CPU.ActiveCfg = Release|Any CPU
		{5C1DA137-58CB-BB40-94B2-FFD209792027}.Release|Any CPU.Build.0 = Release|Any CPU
		{9D41CE2F-195F-F026-DECB-9FDA71258DD5}.Debug|Any CPU.ActiveCfg = Debug|Any CPU
		{9D41CE2F-195F-F026-DECB-9FDA71258DD5}.Debug|Any CPU.Build.0 = Debug|Any CPU
		{9D41CE2F-195F-F026-DECB-9FDA71258DD5}.Release|Any CPU.ActiveCfg = Release|Any CPU
		{9D41CE2F-195F-F026-DECB-9FDA71258DD5}.Release|Any CPU.Build.0 = Release|Any CPU
		{0B51C983-FF3B-2485-5749-7C91AA8B3572}.Debug|Any CPU.ActiveCfg = Debug|Any CPU
		{0B51C983-FF3B-2485-5749-7C91AA8B3572}.Debug|Any CPU.Build.0 = Debug|Any CPU
		{0B51C983-FF3B-2485-5749-7C91AA8B3572}.Release|Any CPU.ActiveCfg = Release|Any CPU
		{0B51C983-FF3B-2485-5749-7C91AA8B3572}.Release|Any CPU.Build.0 = Release|Any CPU
		{987F19DB-6473-36A5-32EF-E7F07FC75BD8}.Debug|Any CPU.ActiveCfg = Debug|Any CPU
		{987F19DB-6473-36A5-32EF-E7F07FC75BD8}.Debug|Any CPU.Build.0 = Debug|Any CPU
		{987F19DB-6473-36A5-32EF-E7F07FC75BD8}.Release|Any CPU.ActiveCfg = Release|Any CPU
		{987F19DB-6473-36A5-32EF-E7F07FC75BD8}.Release|Any CPU.Build.0 = Release|Any CPU
		{4F0B31D8-2290-A896-56D6-76A9EAB88575}.Debug|Any CPU.ActiveCfg = Debug|Any CPU
		{4F0B31D8-2290-A896-56D6-76A9EAB88575}.Debug|Any CPU.Build.0 = Debug|Any CPU
		{4F0B31D8-2290-A896-56D6-76A9EAB88575}.Release|Any CPU.ActiveCfg = Release|Any CPU
		{4F0B31D8-2290-A896-56D6-76A9EAB88575}.Release|Any CPU.Build.0 = Release|Any CPU
		{74900ACA-2EE4-7FFF-E3CC-1273922A2E61}.Debug|Any CPU.ActiveCfg = Debug|Any CPU
		{74900ACA-2EE4-7FFF-E3CC-1273922A2E61}.Debug|Any CPU.Build.0 = Debug|Any CPU
		{74900ACA-2EE4-7FFF-E3CC-1273922A2E61}.Release|Any CPU.ActiveCfg = Release|Any CPU
		{74900ACA-2EE4-7FFF-E3CC-1273922A2E61}.Release|Any CPU.Build.0 = Release|Any CPU
		{268F85CA-5235-558F-5D1B-3B4F11E93520}.Debug|Any CPU.ActiveCfg = Debug|Any CPU
		{268F85CA-5235-558F-5D1B-3B4F11E93520}.Debug|Any CPU.Build.0 = Debug|Any CPU
		{268F85CA-5235-558F-5D1B-3B4F11E93520}.Release|Any CPU.ActiveCfg = Release|Any CPU
		{268F85CA-5235-558F-5D1B-3B4F11E93520}.Release|Any CPU.Build.0 = Release|Any CPU
		{CE1CEC37-966C-2763-9C3F-213A10E3A39B}.Debug|Any CPU.ActiveCfg = Debug|Any CPU
		{CE1CEC37-966C-2763-9C3F-213A10E3A39B}.Debug|Any CPU.Build.0 = Debug|Any CPU
		{CE1CEC37-966C-2763-9C3F-213A10E3A39B}.Release|Any CPU.ActiveCfg = Release|Any CPU
		{CE1CEC37-966C-2763-9C3F-213A10E3A39B}.Release|Any CPU.Build.0 = Release|Any CPU
		{BFDBC8A3-2CF2-424A-EABF-B2C7FA3ED0D4}.Debug|Any CPU.ActiveCfg = Debug|Any CPU
		{BFDBC8A3-2CF2-424A-EABF-B2C7FA3ED0D4}.Debug|Any CPU.Build.0 = Debug|Any CPU
		{BFDBC8A3-2CF2-424A-EABF-B2C7FA3ED0D4}.Release|Any CPU.ActiveCfg = Release|Any CPU
		{BFDBC8A3-2CF2-424A-EABF-B2C7FA3ED0D4}.Release|Any CPU.Build.0 = Release|Any CPU
		{26DDBB58-57ED-103D-D778-6460FA955287}.Debug|Any CPU.ActiveCfg = Debug|Any CPU
		{26DDBB58-57ED-103D-D778-6460FA955287}.Debug|Any CPU.Build.0 = Debug|Any CPU
		{26DDBB58-57ED-103D-D778-6460FA955287}.Release|Any CPU.ActiveCfg = Release|Any CPU
		{26DDBB58-57ED-103D-D778-6460FA955287}.Release|Any CPU.Build.0 = Release|Any CPU
		{10822628-4323-D970-C083-36C53B5309B2}.Debug|Any CPU.ActiveCfg = Debug|Any CPU
		{10822628-4323-D970-C083-36C53B5309B2}.Debug|Any CPU.Build.0 = Debug|Any CPU
		{10822628-4323-D970-C083-36C53B5309B2}.Release|Any CPU.ActiveCfg = Release|Any CPU
		{10822628-4323-D970-C083-36C53B5309B2}.Release|Any CPU.Build.0 = Release|Any CPU
		{23199DA4-3C09-0B38-DB0B-6AED21D63F4C}.Debug|Any CPU.ActiveCfg = Debug|Any CPU
		{23199DA4-3C09-0B38-DB0B-6AED21D63F4C}.Debug|Any CPU.Build.0 = Debug|Any CPU
		{23199DA4-3C09-0B38-DB0B-6AED21D63F4C}.Release|Any CPU.ActiveCfg = Release|Any CPU
		{23199DA4-3C09-0B38-DB0B-6AED21D63F4C}.Release|Any CPU.Build.0 = Release|Any CPU
	EndGlobalSection
	GlobalSection(SolutionProperties) = preSolution
		HideSolutionNode = FALSE
	EndGlobalSection
EndGlobal
